github.com/standards-lab/sqlate v0.4.1 h1:IvptIl7JXdtDPzNEv3imAIf2evJIfe4nxhEP6CI+wRU=
github.com/standards-lab/sqlate v0.4.1/go.mod h1:pikNmGf/z3x46SBWFXgt/xKIDZuquSgCoXy5OWBFFR4=
golang.org/x/text v0.43.0 h1:1QivrlhwAsnMOcqgOdl9my7s9OyZl8O5/UGUTJVXoWc=
golang.org/x/text v0.43.0/go.mod h1:hbSIYA/amXcRXTFSZqh8tWHEoqRvvbKPJ2uz/KU+a+s=
